%{"absinthe": {:hex, :absinthe, "1.3.2", "1d16ee5ceeb8b90e37f936b924caacc099b9da667e9c7e6a4d729f41197123d4", [], [], "hexpm"},
  "absinthe_plug": {:hex, :absinthe_plug, "1.3.1", "e97c9faa6a2e29be181205d994c3ca2e2c5c5dec38aea69fcd324407f6c163c6", [], [{:absinthe, "~> 1.3.0", [hex: :absinthe, repo: "hexpm", optional: false]}, {:plug, "~> 1.3.2 or ~> 1.4", [hex: :plug, repo: "hexpm", optional: false]}], "hexpm"},
  "amnesia": {:hex, :amnesia, "0.2.7", "ffc2221bf72da4cfafbbb497adf9cf7e52138f1333cec5836187a53f94ae0665", [], [{:exquisite, "~> 0.1.7", [hex: :exquisite, repo: "hexpm", optional: false]}], "hexpm"},
  "approximate_histogram": {:hex, :approximate_histogram, "0.1.1", "198eb36681e763ed4baab6ca0682acec4ef642f60ba272f251d3059052f4f378", [], [], "hexpm"},
  "bamboo": {:hex, :bamboo, "0.7.0", "2722e395a396dfedc12d300c900f65b216f7d7bf9d430c5dd0235690997878b7", [], [{:httpoison, "~> 0.9", [hex: :httpoison, repo: "hexpm", optional: false]}, {:plug, "~> 1.0", [hex: :plug, repo: "hexpm", optional: false]}, {:poison, ">= 1.5.0", [hex: :poison, repo: "hexpm", optional: false]}], "hexpm"},
  "bamboo_smtp": {:hex, :bamboo_smtp, "1.2.1", "47181e338cbee9d028e94f2bc5829816b26d719d8213b07d0fa107d95b591947", [], [{:bamboo, "~> 0.7.0", [hex: :bamboo, repo: "hexpm", optional: false]}, {:gen_smtp, "~> 0.11.0", [hex: :gen_smtp, repo: "hexpm", optional: false]}], "hexpm"},
  "base64url": {:hex, :base64url, "0.0.1", "36a90125f5948e3afd7be97662a1504b934dd5dac78451ca6e9abf85a10286be", [], [], "hexpm"},
  "cachex": {:hex, :cachex, "2.1.0", "fad49b4e78d11c6c314e75bd8c9408f5b78cb065c047442798caed10803ee3be", [], [{:eternal, "~> 1.1", [hex: :eternal, repo: "hexpm", optional: false]}], "hexpm"},
  "certifi": {:hex, :certifi, "2.0.0", "a0c0e475107135f76b8c1d5bc7efb33cd3815cb3cf3dea7aefdd174dabead064", [], [], "hexpm"},
  "cloudex": {:hex, :cloudex, "0.1.19", "58b9490d1a903b7a353863b0e5af67fe6d8e6dcf7ed6440b645661d9bb438ff3", [], [{:httpoison, "~> 0.11.0", [hex: :httpoison, repo: "hexpm", optional: false]}, {:poison, "~> 3.1.0", [hex: :poison, repo: "hexpm", optional: false]}, {:timex, "~> 3.1.7", [hex: :timex, repo: "hexpm", optional: false]}, {:tzdata, "~> 0.5.11", [hex: :tzdata, repo: "hexpm", optional: false]}], "hexpm"},
  "coherence": {:hex, :coherence, "0.5.0", "aaa785aa29e47d140030502b66b08fb58ec84e8120acbfaa6e6a61d3322ffa76", [], [{:comeonin, "~> 3.0", [hex: :comeonin, repo: "hexpm", optional: false]}, {:ecto, "~> 2.0", [hex: :ecto, repo: "hexpm", optional: false]}, {:gettext, "~> 0.13", [hex: :gettext, repo: "hexpm", optional: false]}, {:phoenix, "~> 1.3", [hex: :phoenix, repo: "hexpm", optional: false]}, {:phoenix_html, "~> 2.10", [hex: :phoenix_html, repo: "hexpm", optional: false]}, {:phoenix_swoosh, "~> 0.2", [hex: :phoenix_swoosh, repo: "hexpm", optional: false]}, {:timex, "~> 3.1", [hex: :timex, repo: "hexpm", optional: false]}, {:timex_ecto, "~> 3.1", [hex: :timex_ecto, repo: "hexpm", optional: false]}, {:uuid, "~> 1.0", [hex: :uuid, repo: "hexpm", optional: false]}], "hexpm"},
  "combine": {:hex, :combine, "0.10.0", "eff8224eeb56498a2af13011d142c5e7997a80c8f5b97c499f84c841032e429f", [], [], "hexpm"},
  "comeonin": {:hex, :comeonin, "3.2.0", "cb10995a22aed6812667efb3856f548818c85d85394d8132bc116fbd6995c1ef", [], [{:elixir_make, "~> 0.4", [hex: :elixir_make, repo: "hexpm", optional: false]}], "hexpm"},
  "connection": {:hex, :connection, "1.0.4", "a1cae72211f0eef17705aaededacac3eb30e6625b04a6117c1b2db6ace7d5976", [], [], "hexpm"},
  "cowboy": {:hex, :cowboy, "1.1.2", "61ac29ea970389a88eca5a65601460162d370a70018afe6f949a29dca91f3bb0", [], [{:cowlib, "~> 1.0.2", [hex: :cowlib, repo: "hexpm", optional: false]}, {:ranch, "~> 1.3.2", [hex: :ranch, repo: "hexpm", optional: false]}], "hexpm"},
  "cowlib": {:hex, :cowlib, "1.0.2", "9d769a1d062c9c3ac753096f868ca121e2730b9a377de23dec0f7e08b1df84ee", [], [], "hexpm"},
  "crontab": {:hex, :crontab, "1.1.1", "aed5d595a654d87e26cb43b4f95a02ef9771da96db3b24dcf7ab288c8a1e007a", [], [{:ecto, "~> 1.0 or ~> 2.0 or ~> 2.1", [hex: :ecto, repo: "hexpm", optional: true]}], "hexpm"},
  "db_connection": {:hex, :db_connection, "1.1.2", "2865c2a4bae0714e2213a0ce60a1b12d76a6efba0c51fbda59c9ab8d1accc7a8", [], [{:connection, "~> 1.0.2", [hex: :connection, repo: "hexpm", optional: false]}, {:poolboy, "~> 1.5", [hex: :poolboy, repo: "hexpm", optional: true]}, {:sbroker, "~> 1.0", [hex: :sbroker, repo: "hexpm", optional: true]}], "hexpm"},
  "decimal": {:hex, :decimal, "1.4.0", "fac965ce71a46aab53d3a6ce45662806bdd708a4a95a65cde8a12eb0124a1333", [], [], "hexpm"},
  "deppie": {:hex, :deppie, "1.1.0", "cfb6fcee7dfb64eb78cb8505537971a0805131899326ad469ef10df04520f451", [], [], "hexpm"},
  "distillery": {:hex, :distillery, "1.5.1", "7ad7354214959c0f65f57ddd49478c81c3b2733ca2e5ccfb9eb55351108466aa", [], [], "hexpm"},
  "ecto": {:hex, :ecto, "2.1.6", "29b45f393c2ecd99f83e418ea9b0a2af6078ecb30f401481abac8a473c490f84", [], [{:db_connection, "~> 1.1", [hex: :db_connection, repo: "hexpm", optional: true]}, {:decimal, "~> 1.2", [hex: :decimal, repo: "hexpm", optional: false]}, {:mariaex, "~> 0.8.0", [hex: :mariaex, repo: "hexpm", optional: true]}, {:poison, "~> 2.2 or ~> 3.0", [hex: :poison, repo: "hexpm", optional: true]}, {:poolboy, "~> 1.5", [hex: :poolboy, repo: "hexpm", optional: false]}, {:postgrex, "~> 0.13.0", [hex: :postgrex, repo: "hexpm", optional: true]}, {:sbroker, "~> 1.0", [hex: :sbroker, repo: "hexpm", optional: true]}], "hexpm"},
  "elixir_make": {:hex, :elixir_make, "0.4.0", "992f38fabe705bb45821a728f20914c554b276838433349d4f2341f7a687cddf", [], [], "hexpm"},
  "eternal": {:hex, :eternal, "1.1.4", "3a40fd9b9708f79216a6ec8ae886f2b17685dc26b119b9c0403c2b0d3dc1ac69", [], [{:deppie, "~> 1.1", [hex: :deppie, repo: "hexpm", optional: false]}], "hexpm"},
  "exquisite": {:hex, :exquisite, "0.1.8", "ee8f56aae477287ce5e7dfcbc163a420cccbb73e680a6d80a09203e9ef514fa4", [], [], "hexpm"},
  "feeder": {:hex, :feeder, "2.2.4", "56ec535cf2f79719bc53b5c2abe5f6cf481fc01e5ae6229ab7cc829644f039ec", [], [], "hexpm"},
  "feeder_ex": {:hex, :feeder_ex, "1.1.0", "0be3732255cdb45dec949e0ede6852b5261c9ff173360e8274a6ac65183b2b55", [], [{:feeder, "~> 2.2", [hex: :feeder, repo: "hexpm", optional: false]}], "hexpm"},
  "ffmpex": {:hex, :ffmpex, "0.4.1", "3bd5ac2698ce919197c0b1f46c0e0c7b40de18b827e524d5add4ff125ee78c66", [], [], "hexpm"},
  "file_system": {:hex, :file_system, "0.2.0", "1b899a8708dd121648b4f4f632022cf8fd989f3d7250621f34eca4831b217ee9", [], [], "hexpm"},
  "gen_smtp": {:hex, :gen_smtp, "0.11.0", "d90ff2f021fc86cb2a4259b1f2b177ab6e506676265e26454bf5755855adc956", [], [], "hexpm"},
  "gettext": {:hex, :gettext, "0.13.1", "5e0daf4e7636d771c4c71ad5f3f53ba09a9ae5c250e1ab9c42ba9edccc476263", [], [], "hexpm"},
  "giza_sphinxsearch": {:hex, :giza_sphinxsearch, "0.1.1", "604151b9a02d06914456dade477d8330ebf6dae2042d2dc6828e7b4fb6469ef4", [:mix], [{:httpoison, "~> 0.13", [hex: :httpoison, repo: "hexpm", optional: false]}, {:mariaex, "~> 0.8.2", [hex: :mariaex, repo: "hexpm", optional: false]}], "hexpm"},
  "guardian": {:hex, :guardian, "0.14.5", "6d4e89b673accdacbc092ad000dc7494019426bd898eebf699caf1d19000cdcd", [], [{:jose, "~> 1.8", [hex: :jose, repo: "hexpm", optional: false]}, {:phoenix, "~> 1.2 and < 1.4.0", [hex: :phoenix, repo: "hexpm", optional: true]}, {:plug, "~> 1.3", [hex: :plug, repo: "hexpm", optional: false]}, {:poison, ">= 1.3.0 and < 4.0.0", [hex: :poison, repo: "hexpm", optional: false]}, {:uuid, ">=1.1.1", [hex: :uuid, repo: "hexpm", optional: false]}], "hexpm"},
  "hackney": {:hex, :hackney, "1.9.0", "51c506afc0a365868469dcfc79a9d0b94d896ec741cfd5bd338f49a5ec515bfe", [], [{:certifi, "2.0.0", [hex: :certifi, repo: "hexpm", optional: false]}, {:idna, "5.1.0", [hex: :idna, repo: "hexpm", optional: false]}, {:metrics, "1.0.1", [hex: :metrics, repo: "hexpm", optional: false]}, {:mimerl, "1.0.2", [hex: :mimerl, repo: "hexpm", optional: false]}, {:ssl_verify_fun, "1.1.1", [hex: :ssl_verify_fun, repo: "hexpm", optional: false]}], "hexpm"},
  "hashids": {:hex, :hashids, "2.0.4", "ea47a2c2018b7ffb4f5ac9b0f8ea0af6d6159b9e190c5ed09f0ea83276968e0f", [], [], "hexpm"},
  "html_sanitize_ex": {:hex, :html_sanitize_ex, "1.0.1", "2572e7122c78ab7e57b613e7c7f5e42bf9b3c25e430e32f23f1413d86db8a0af", [], [{:mochiweb, "~> 2.12.2", [hex: :mochiweb, repo: "hexpm", optional: false]}], "hexpm"},
  "httpoison": {:hex, :httpoison, "0.11.2", "9e59f17a473ef6948f63c51db07320477bad8ba88cf1df60a3eee01150306665", [], [{:hackney, "~> 1.8.0", [hex: :hackney, repo: "hexpm", optional: false]}], "hexpm"},
  "idna": {:hex, :idna, "5.1.0", "d72b4effeb324ad5da3cab1767cb16b17939004e789d8c0ad5b70f3cea20c89a", [], [{:unicode_util_compat, "0.3.1", [hex: :unicode_util_compat, repo: "hexpm", optional: false]}], "hexpm"},
  "jose": {:hex, :jose, "1.8.4", "7946d1e5c03a76ac9ef42a6e6a20001d35987afd68c2107bcd8f01a84e75aa73", [], [{:base64url, "~> 0.0.1", [hex: :base64url, repo: "hexpm", optional: false]}], "hexpm"},
  "kerosene": {:hex, :kerosene, "0.5.0", "1e2c4c20b711b7f1a25b08b07f66fe8bc5c08c17276ac9dc5f25648440362de4", [], [{:ecto, "~> 2.0", [hex: :ecto, repo: "hexpm", optional: false]}, {:phoenix_html, "~> 2.7", [hex: :phoenix_html, repo: "hexpm", optional: false]}, {:plug, "~> 1.0", [hex: :plug, repo: "hexpm", optional: false]}], "hexpm"},
  "marco_polo": {:git, "https://github.com/MyMedsAndMe/marco_polo.git", "73c8b98841316e3c19f87240dd9b07705a6f0538", []},
  "mariaex": {:hex, :mariaex, "0.8.3", "bf51ff4d480f68400bad69d1ebe778b6edbcafa4dd0429826ae1dd89cb90c8ad", [], [{:db_connection, "~> 1.1", [hex: :db_connection, repo: "hexpm", optional: false]}, {:decimal, "~> 1.0", [hex: :decimal, repo: "hexpm", optional: false]}], "hexpm"},
  "metrics": {:hex, :metrics, "1.0.1", "25f094dea2cda98213cecc3aeff09e940299d950904393b2a29d191c346a8486", [], [], "hexpm"},
  "mime": {:hex, :mime, "1.1.0", "01c1d6f4083d8aa5c7b8c246ade95139620ef8effb009edde934e0ec3b28090a", [], [], "hexpm"},
  "mimerl": {:hex, :mimerl, "1.0.2", "993f9b0e084083405ed8252b99460c4f0563e41729ab42d9074fd5e52439be88", [], [], "hexpm"},
  "mochiweb": {:hex, :mochiweb, "2.12.2", "80804ad342afa3d7f3524040d4eed66ce74b17a555de454ac85b07c479928e46", [], [], "hexpm"},
  "mogrify": {:hex, :mogrify, "0.5.6", "8ba04d4204f7149fac4ca302ca37aeb1550074958bed9fa892fdf6cd46806082", [], [], "hexpm"},
  "phoenix": {:hex, :phoenix, "1.3.0", "1c01124caa1b4a7af46f2050ff11b267baa3edb441b45dbf243e979cd4c5891b", [], [{:cowboy, "~> 1.0", [hex: :cowboy, repo: "hexpm", optional: true]}, {:phoenix_pubsub, "~> 1.0", [hex: :phoenix_pubsub, repo: "hexpm", optional: false]}, {:plug, "~> 1.3.3 or ~> 1.4", [hex: :plug, repo: "hexpm", optional: false]}, {:poison, "~> 2.2 or ~> 3.0", [hex: :poison, repo: "hexpm", optional: false]}], "hexpm"},
  "phoenix_ecto": {:hex, :phoenix_ecto, "3.2.3", "450c749876ff1de4a78fdb305a142a76817c77a1cd79aeca29e5fc9a6c630b26", [], [{:ecto, "~> 2.1", [hex: :ecto, repo: "hexpm", optional: false]}, {:phoenix_html, "~> 2.9", [hex: :phoenix_html, repo: "hexpm", optional: true]}, {:plug, "~> 1.0", [hex: :plug, repo: "hexpm", optional: false]}], "hexpm"},
  "phoenix_html": {:hex, :phoenix_html, "2.10.4", "d4f99c32d5dc4918b531fdf163e1fd7cf20acdd7703f16f5d02d4db36de803b7", [], [{:plug, "~> 1.0", [hex: :plug, repo: "hexpm", optional: false]}], "hexpm"},
  "phoenix_live_reload": {:hex, :phoenix_live_reload, "1.1.0", "975d6bba8d75d20a63659b6f057eecaa1e96b42fa19cebc304031ac3184d744e", [], [{:file_system, "~> 0.1", [hex: :file_system, repo: "hexpm", optional: false]}, {:phoenix, "~> 1.0 or ~> 1.2 or ~> 1.3", [hex: :phoenix, repo: "hexpm", optional: false]}], "hexpm"},
  "phoenix_pubsub": {:hex, :phoenix_pubsub, "1.0.2", "bfa7fd52788b5eaa09cb51ff9fcad1d9edfeb68251add458523f839392f034c1", [], [], "hexpm"},
  "phoenix_swoosh": {:hex, :phoenix_swoosh, "0.2.0", "a7e0b32077cd6d2323ae15198839b05d9caddfa20663fd85787479e81f89520e", [], [{:phoenix, "~> 1.0", [hex: :phoenix, repo: "hexpm", optional: false]}, {:phoenix_html, "~> 2.2", [hex: :phoenix_html, repo: "hexpm", optional: false]}, {:swoosh, "~> 0.1", [hex: :swoosh, repo: "hexpm", optional: false]}], "hexpm"},
  "plug": {:hex, :plug, "1.4.3", "236d77ce7bf3e3a2668dc0d32a9b6f1f9b1f05361019946aae49874904be4aed", [], [{:cowboy, "~> 1.0.1 or ~> 1.1", [hex: :cowboy, repo: "hexpm", optional: true]}, {:mime, "~> 1.0", [hex: :mime, repo: "hexpm", optional: false]}], "hexpm"},
  "poison": {:hex, :poison, "3.1.0", "d9eb636610e096f86f25d9a46f35a9facac35609a7591b3be3326e99a0484665", [], [], "hexpm"},
  "poolboy": {:hex, :poolboy, "1.5.1", "6b46163901cfd0a1b43d692657ed9d7e599853b3b21b95ae5ae0a777cf9b6ca8", [], [], "hexpm"},
  "postgrex": {:hex, :postgrex, "0.13.3", "c277cfb2a9c5034d445a722494c13359e361d344ef6f25d604c2353185682bfc", [], [{:connection, "~> 1.0", [hex: :connection, repo: "hexpm", optional: false]}, {:db_connection, "~> 1.1", [hex: :db_connection, repo: "hexpm", optional: false]}, {:decimal, "~> 1.0", [hex: :decimal, repo: "hexpm", optional: false]}], "hexpm"},
  "quantum": {:hex, :quantum, "2.0.2", "6303f7247b112006d21a91072a86593cd6f8ff0e20cbe33573c7122a85f8c6ff", [], [{:calendar, "~> 0.17", [hex: :calendar, repo: "hexpm", optional: true]}, {:crontab, "~> 1.1", [hex: :crontab, repo: "hexpm", optional: false]}, {:timex, "~> 3.1.13", [hex: :timex, repo: "hexpm", optional: true]}], "hexpm"},
  "ranch": {:hex, :ranch, "1.3.2", "e4965a144dc9fbe70e5c077c65e73c57165416a901bd02ea899cfd95aa890986", [], [], "hexpm"},
  "recaptcha": {:hex, :recaptcha, "2.2.1", "3d11ac2322d75bb95ae15f8445f690a15b7bdce1d8bb611cc401edf732db9657", [], [{:httpoison, "~> 0.12.0", [hex: :httpoison, repo: "hexpm", optional: false]}, {:poison, "~> 3.1.0 or ~> 2.2.0 or ~> 1.5.2", [hex: :poison, repo: "hexpm", optional: false]}], "hexpm"},
  "scout_apm": {:hex, :scout_apm, "0.3.2", "605c6edd3f06a51ef6f81326510efbd884ebd76b6bd0c45ac064ae091f5b8bba", [], [{:approximate_histogram, "~>0.1.1", [hex: :approximate_histogram, repo: "hexpm", optional: false]}, {:hackney, "~> 1.0", [hex: :hackney, repo: "hexpm", optional: false]}, {:plug, "~>1.0", [hex: :plug, repo: "hexpm", optional: false]}, {:poison, ">= 0.0.0", [hex: :poison, repo: "hexpm", optional: false]}], "hexpm"},
  "smileysdata": {:git, "https://github.com/smileys-tavern/smileys_data.git", "b2a0bc501444a9ed48ccd93bd222ca3685b3fcb5", [tag: "0.0.3"]},
  "smileyssearch": {:git, "https://github.com/smileys-tavern/smileys_search.git", "78aa6bb23de9cceb94f9e82cb63da06b177e4c19", [tag: "0.0.2"]},
  "ssl_verify_fun": {:hex, :ssl_verify_fun, "1.1.1", "28a4d65b7f59893bc2c7de786dec1e1555bd742d336043fe644ae956c3497fbe", [], [], "hexpm"},
  "swoosh": {:hex, :swoosh, "0.8.1", "1d169e4b377095feba9b4456dac446155b11cde57f3a612c37035f073104f6f8", [], [{:cowboy, "~> 1.0", [hex: :cowboy, repo: "hexpm", optional: true]}, {:gen_smtp, "~> 0.11", [hex: :gen_smtp, repo: "hexpm", optional: true]}, {:hackney, "~> 1.6", [hex: :hackney, repo: "hexpm", optional: false]}, {:mime, "~> 1.1", [hex: :mime, repo: "hexpm", optional: false]}, {:plug, "~> 1.1", [hex: :plug, repo: "hexpm", optional: true]}, {:poison, "~> 1.5 or ~> 2.0 or ~> 3.0", [hex: :poison, repo: "hexpm", optional: false]}], "hexpm"},
  "thumbnex": {:hex, :thumbnex, "0.2.4", "8522205c4b6235af2d118401f8dd8d8e31e8be1af73c5d7044638ba2190c6216", [], [{:ffmpex, "~> 0.4.1", [hex: :ffmpex, repo: "hexpm", optional: false]}, {:mogrify, "~> 0.5.4", [hex: :mogrify, repo: "hexpm", optional: false]}], "hexpm"},
  "timex": {:hex, :timex, "3.1.24", "d198ae9783ac807721cca0c5535384ebdf99da4976be8cefb9665a9262a1e9e3", [], [{:combine, "~> 0.7", [hex: :combine, repo: "hexpm", optional: false]}, {:gettext, "~> 0.10", [hex: :gettext, repo: "hexpm", optional: false]}, {:tzdata, "~> 0.1.8 or ~> 0.5", [hex: :tzdata, repo: "hexpm", optional: false]}], "hexpm"},
  "timex_ecto": {:hex, :timex_ecto, "3.1.1", "37d54f6879d96a6789bb497296531cfb853631de78e152969d95cff03c1368dd", [], [{:ecto, "~> 2.1.0", [hex: :ecto, repo: "hexpm", optional: false]}, {:timex, "~> 3.0", [hex: :timex, repo: "hexpm", optional: false]}], "hexpm"},
  "tzdata": {:hex, :tzdata, "0.5.12", "1c17b68692c6ba5b6ab15db3d64cc8baa0f182043d5ae9d4b6d35d70af76f67b", [], [{:hackney, "~> 1.0", [hex: :hackney, repo: "hexpm", optional: false]}], "hexpm"},
  "unicode_util_compat": {:hex, :unicode_util_compat, "0.3.1", "a1f612a7b512638634a603c8f401892afbf99b8ce93a45041f8aaca99cadb85e", [], [], "hexpm"},
  "uuid": {:hex, :uuid, "1.1.7", "007afd58273bc0bc7f849c3bdc763e2f8124e83b957e515368c498b641f7ab69", [], [], "hexpm"}}
